
Microsoft Visual Studio Solution File, Format Version 12.00
# Visual Studio Version 17
VisualStudioVersion = 17.1.32407.343
MinimumVisualStudioVersion = 10.0.40219.1
Project("{9A19103F-16F7-4668-BE54-9A1E7A4F7556}") = "CalculadoraIR.Services", "CalculadoraIR.Services\CalculadoraIR.Services.csproj", "{710324F0-C168-4A4C-ABEE-1143B851E2B6}"
EndProject
Project("{9A19103F-16F7-4668-BE54-9A1E7A4F7556}") = "CalculadoraIR.Domain", "CalculadoraIR.Domain\CalculadoraIR.Domain.csproj", "{3B0DE304-9C7E-4FFE-BF7B-82174678519B}"
EndProject
Project("{9A19103F-16F7-4668-BE54-9A1E7A4F7556}") = "CalculadoraIR.Presentation", "CalculadoraIR.Presentation\CalculadoraIR.Presentation.csproj", "{9E1B1F28-AFFA-4BB8-BE78-BD93D26934CC}"
EndProject
Global
	GlobalSection(SolutionConfigurationPlatforms) = preSolution
		Debug|Any CPU = Debug|Any CPU
		Release|Any CPU = Release|Any CPU
	EndGlobalSection
	GlobalSection(ProjectConfigurationPlatforms) = postSolution
		{710324F0-C168-4A4C-ABEE-1143B851E2B6}.Debug|Any CPU.ActiveCfg = Debug|Any CPU
		{710324F0-C168-4A4C-ABEE-1143B851E2B6}.Debug|Any CPU.Build.0 = Debug|Any CPU
		{710324F0-C168-4A4C-ABEE-1143B851E2B6}.Release|Any CPU.ActiveCfg = Release|Any CPU
		{710324F0-C168-4A4C-ABEE-1143B851E2B6}.Release|Any CPU.Build.0 = Release|Any CPU
		{3B0DE304-9C7E-4FFE-BF7B-82174678519B}.Debug|Any CPU.ActiveCfg = Debug|Any CPU
		{3B0DE304-9C7E-4FFE-BF7B-82174678519B}.Debug|Any CPU.Build.0 = Debug|Any CPU
		{3B0DE304-9C7E-4FFE-BF7B-82174678519B}.Release|Any CPU.ActiveCfg = Release|Any CPU
		{3B0DE304-9C7E-4FFE-BF7B-82174678519B}.Release|Any CPU.Build.0 = Release|Any CPU
		{9E1B1F28-AFFA-4BB8-BE78-BD93D26934CC}.Debug|Any CPU.ActiveCfg = Debug|Any CPU
		{9E1B1F28-AFFA-4BB8-BE78-BD93D26934CC}.Debug|Any CPU.Build.0 = Debug|Any CPU
		{9E1B1F28-AFFA-4BB8-BE78-BD93D26934CC}.Release|Any CPU.ActiveCfg = Release|Any CPU
		{9E1B1F28-AFFA-4BB8-BE78-BD93D26934CC}.Release|Any CPU.Build.0 = Release|Any CPU
	EndGlobalSection
	GlobalSection(SolutionProperties) = preSolution
		HideSolutionNode = FALSE
	EndGlobalSection
	GlobalSection(ExtensibilityGlobals) = postSolution
		SolutionGuid = {C210245E-C257-4239-86A6-93DCB4035E28}
	EndGlobalSection
EndGlobal
